
Microsoft Visual Studio Solution File, Format Version 12.00
Project("{FAE04EC0-301F-11D3-BF4B-00C04F79EFBC}") = "OnixLabs.Core", "OnixLabs.Core\OnixLabs.Core.csproj", "{1EDC1164-0205-433D-A356-00DAD4686264}"
EndProject
Project("{FAE04EC0-301F-11D3-BF4B-00C04F79EFBC}") = "OnixLabs.Playground", "OnixLabs.Playground\OnixLabs.Playground.csproj", "{23F9EB42-D9D4-4C43-9C99-3D2A1F8866B7}"
EndProject
Project("{FAE04EC0-301F-11D3-BF4B-00C04F79EFBC}") = "OnixLabs.Core.UnitTests", "OnixLabs.Core.UnitTests\OnixLabs.Core.UnitTests.csproj", "{893547DB-4EAA-4D1F-886F-0D6114F8601E}"
EndProject
Project("{FAE04EC0-301F-11D3-BF4B-00C04F79EFBC}") = "OnixLabs.Security.Cryptography", "OnixLabs.Security.Cryptography\OnixLabs.Security.Cryptography.csproj", "{78FDB1BA-6545-41DE-99B8-F007C6A6B093}"
EndProject
Project("{FAE04EC0-301F-11D3-BF4B-00C04F79EFBC}") = "OnixLabs.Security.Cryptography.UnitTests", "OnixLabs.Security.Cryptography.UnitTests\OnixLabs.Security.Cryptography.UnitTests.csproj", "{C3DE665B-5B02-41DE-8BB0-C53A1326E162}"
EndProject
Project("{FAE04EC0-301F-11D3-BF4B-00C04F79EFBC}") = "OnixLabs.Core.UnitTests.Data", "OnixLabs.Core.UnitTests.Data\OnixLabs.Core.UnitTests.Data.csproj", "{E3FBC79F-7F5A-4ECF-9653-C0AB203FF5D5}"
EndProject
Project("{FAE04EC0-301F-11D3-BF4B-00C04F79EFBC}") = "OnixLabs.Security.Cryptography.UnitTests.Data", "OnixLabs.Security.Cryptography.UnitTests.Data\OnixLabs.Security.Cryptography.UnitTests.Data.csproj", "{513CFC09-42E2-43C3-BB68-90640D78CDF4}"
EndProject
Project("{FAE04EC0-301F-11D3-BF4B-00C04F79EFBC}") = "OnixLabs.Numerics", "OnixLabs.Numerics\OnixLabs.Numerics.csproj", "{571D23F3-BC70-4646-A63C-844AED8291E3}"
EndProject
Project("{FAE04EC0-301F-11D3-BF4B-00C04F79EFBC}") = "OnixLabs.Numerics.UnitTests", "OnixLabs.Numerics.UnitTests\OnixLabs.Numerics.UnitTests.csproj", "{5D14F804-600B-4CFF-8900-53F66D7821E8}"
EndProject
Project("{FAE04EC0-301F-11D3-BF4B-00C04F79EFBC}") = "OnixLabs.Numerics.UnitTests.Data", "OnixLabs.Numerics.UnitTests.Data\OnixLabs.Numerics.UnitTests.Data.csproj", "{3A85C8CF-D5EF-4130-8CC0-8AAB07983707}"
EndProject
Project("{2150E333-8FDC-42A3-9474-1A3956D46DE8}") = "Core", "Core", "{45B3DB8D-3344-4CB5-A6B9-A587514056EA}"
EndProject
Project("{2150E333-8FDC-42A3-9474-1A3956D46DE8}") = "Numerics", "Numerics", "{95655D21-93CD-4A49-AAB2-E7A262E7B730}"
EndProject
Project("{2150E333-8FDC-42A3-9474-1A3956D46DE8}") = "Security.Cryptography", "Security.Cryptography", "{564C7FAB-BEA0-4B10-BE14-6C151E0ACE6E}"
EndProject
Project("{2150E333-8FDC-42A3-9474-1A3956D46DE8}") = "Security", "Security", "{98F9DF85-9761-48E4-91A9-27B7D9BF97ED}"
EndProject
Project("{FAE04EC0-301F-11D3-BF4B-00C04F79EFBC}") = "OnixLabs.Security", "OnixLabs.Security\OnixLabs.Security.csproj", "{7F50B989-B580-41B9-B29F-10467DE925F8}"
EndProject
Project("{FAE04EC0-301F-11D3-BF4B-00C04F79EFBC}") = "OnixLabs.Security.UnitTests", "OnixLabs.Security.UnitTests\OnixLabs.Security.UnitTests.csproj", "{B531B818-820C-4013-9B88-E8AA87ED25FB}"
EndProject
Project("{2150E333-8FDC-42A3-9474-1A3956D46DE8}") = "DependencyInjection", "DependencyInjection", "{B994A750-D259-4CEB-B913-BAFF4B57EC51}"
EndProject
Project("{FAE04EC0-301F-11D3-BF4B-00C04F79EFBC}") = "OnixLabs.DependencyInjection", "OnixLabs.DependencyInjection\OnixLabs.DependencyInjection.csproj", "{DD205971-F1AB-4D9C-A83F-17BC70F4529E}"
EndProject
Project("{FAE04EC0-301F-11D3-BF4B-00C04F79EFBC}") = "OnixLabs.DependencyInjection.UnitTests", "OnixLabs.DependencyInjection.UnitTests\OnixLabs.DependencyInjection.UnitTests.csproj", "{FCC4E51B-F3D2-402F-A530-7C8FD6693952}"
EndProject
Project("{FAE04EC0-301F-11D3-BF4B-00C04F79EFBC}") = "OnixLabs.DependencyInjection.UnitTests.Data", "OnixLabs.DependencyInjection.UnitTests.Data\OnixLabs.DependencyInjection.UnitTests.Data.csproj", "{F1841D46-F428-4A54-BA74-6BD2D38812D9}"
EndProject
Global
	GlobalSection(SolutionConfigurationPlatforms) = preSolution
		Debug|Any CPU = Debug|Any CPU
		Release|Any CPU = Release|Any CPU
	EndGlobalSection
	GlobalSection(NestedProjects) = preSolution
		{1EDC1164-0205-433D-A356-00DAD4686264} = {45B3DB8D-3344-4CB5-A6B9-A587514056EA}
		{E3FBC79F-7F5A-4ECF-9653-C0AB203FF5D5} = {45B3DB8D-3344-4CB5-A6B9-A587514056EA}
		{893547DB-4EAA-4D1F-886F-0D6114F8601E} = {45B3DB8D-3344-4CB5-A6B9-A587514056EA}
		{571D23F3-BC70-4646-A63C-844AED8291E3} = {95655D21-93CD-4A49-AAB2-E7A262E7B730}
		{5D14F804-600B-4CFF-8900-53F66D7821E8} = {95655D21-93CD-4A49-AAB2-E7A262E7B730}
		{3A85C8CF-D5EF-4130-8CC0-8AAB07983707} = {95655D21-93CD-4A49-AAB2-E7A262E7B730}
		{78FDB1BA-6545-41DE-99B8-F007C6A6B093} = {564C7FAB-BEA0-4B10-BE14-6C151E0ACE6E}
		{C3DE665B-5B02-41DE-8BB0-C53A1326E162} = {564C7FAB-BEA0-4B10-BE14-6C151E0ACE6E}
		{513CFC09-42E2-43C3-BB68-90640D78CDF4} = {564C7FAB-BEA0-4B10-BE14-6C151E0ACE6E}
		{7F50B989-B580-41B9-B29F-10467DE925F8} = {98F9DF85-9761-48E4-91A9-27B7D9BF97ED}
		{B531B818-820C-4013-9B88-E8AA87ED25FB} = {98F9DF85-9761-48E4-91A9-27B7D9BF97ED}
		{DD205971-F1AB-4D9C-A83F-17BC70F4529E} = {B994A750-D259-4CEB-B913-BAFF4B57EC51}
		{FCC4E51B-F3D2-402F-A530-7C8FD6693952} = {B994A750-D259-4CEB-B913-BAFF4B57EC51}
		{F1841D46-F428-4A54-BA74-6BD2D38812D9} = {B994A750-D259-4CEB-B913-BAFF4B57EC51}
	EndGlobalSection
	GlobalSection(ProjectConfigurationPlatforms) = postSolution
		{1EDC1164-0205-433D-A356-00DAD4686264}.Debug|Any CPU.ActiveCfg = Debug|Any CPU
		{1EDC1164-0205-433D-A356-00DAD4686264}.Debug|Any CPU.Build.0 = Debug|Any CPU
		{1EDC1164-0205-433D-A356-00DAD4686264}.Release|Any CPU.ActiveCfg = Release|Any CPU
		{1EDC1164-0205-433D-A356-00DAD4686264}.Release|Any CPU.Build.0 = Release|Any CPU
		{23F9EB42-D9D4-4C43-9C99-3D2A1F8866B7}.Debug|Any CPU.ActiveCfg = Debug|Any CPU
		{23F9EB42-D9D4-4C43-9C99-3D2A1F8866B7}.Debug|Any CPU.Build.0 = Debug|Any CPU
		{23F9EB42-D9D4-4C43-9C99-3D2A1F8866B7}.Release|Any CPU.ActiveCfg = Release|Any CPU
		{23F9EB42-D9D4-4C43-9C99-3D2A1F8866B7}.Release|Any CPU.Build.0 = Release|Any CPU
		{893547DB-4EAA-4D1F-886F-0D6114F8601E}.Debug|Any CPU.ActiveCfg = Debug|Any CPU
		{893547DB-4EAA-4D1F-886F-0D6114F8601E}.Debug|Any CPU.Build.0 = Debug|Any CPU
		{893547DB-4EAA-4D1F-886F-0D6114F8601E}.Release|Any CPU.ActiveCfg = Release|Any CPU
		{893547DB-4EAA-4D1F-886F-0D6114F8601E}.Release|Any CPU.Build.0 = Release|Any CPU
		{78FDB1BA-6545-41DE-99B8-F007C6A6B093}.Debug|Any CPU.ActiveCfg = Debug|Any CPU
		{78FDB1BA-6545-41DE-99B8-F007C6A6B093}.Debug|Any CPU.Build.0 = Debug|Any CPU
		{78FDB1BA-6545-41DE-99B8-F007C6A6B093}.Release|Any CPU.ActiveCfg = Release|Any CPU
		{78FDB1BA-6545-41DE-99B8-F007C6A6B093}.Release|Any CPU.Build.0 = Release|Any CPU
		{C3DE665B-5B02-41DE-8BB0-C53A1326E162}.Debug|Any CPU.ActiveCfg = Debug|Any CPU
		{C3DE665B-5B02-41DE-8BB0-C53A1326E162}.Debug|Any CPU.Build.0 = Debug|Any CPU
		{C3DE665B-5B02-41DE-8BB0-C53A1326E162}.Release|Any CPU.ActiveCfg = Release|Any CPU
		{C3DE665B-5B02-41DE-8BB0-C53A1326E162}.Release|Any CPU.Build.0 = Release|Any CPU
		{E3FBC79F-7F5A-4ECF-9653-C0AB203FF5D5}.Debug|Any CPU.ActiveCfg = Debug|Any CPU
		{E3FBC79F-7F5A-4ECF-9653-C0AB203FF5D5}.Debug|Any CPU.Build.0 = Debug|Any CPU
		{E3FBC79F-7F5A-4ECF-9653-C0AB203FF5D5}.Release|Any CPU.ActiveCfg = Release|Any CPU
		{E3FBC79F-7F5A-4ECF-9653-C0AB203FF5D5}.Release|Any CPU.Build.0 = Release|Any CPU
		{513CFC09-42E2-43C3-BB68-90640D78CDF4}.Debug|Any CPU.ActiveCfg = Debug|Any CPU
		{513CFC09-42E2-43C3-BB68-90640D78CDF4}.Debug|Any CPU.Build.0 = Debug|Any CPU
		{513CFC09-42E2-43C3-BB68-90640D78CDF4}.Release|Any CPU.ActiveCfg = Release|Any CPU
		{513CFC09-42E2-43C3-BB68-90640D78CDF4}.Release|Any CPU.Build.0 = Release|Any CPU
		{571D23F3-BC70-4646-A63C-844AED8291E3}.Debug|Any CPU.ActiveCfg = Debug|Any CPU
		{571D23F3-BC70-4646-A63C-844AED8291E3}.Debug|Any CPU.Build.0 = Debug|Any CPU
		{571D23F3-BC70-4646-A63C-844AED8291E3}.Release|Any CPU.ActiveCfg = Release|Any CPU
		{571D23F3-BC70-4646-A63C-844AED8291E3}.Release|Any CPU.Build.0 = Release|Any CPU
		{5D14F804-600B-4CFF-8900-53F66D7821E8}.Debug|Any CPU.ActiveCfg = Debug|Any CPU
		{5D14F804-600B-4CFF-8900-53F66D7821E8}.Debug|Any CPU.Build.0 = Debug|Any CPU
		{5D14F804-600B-4CFF-8900-53F66D7821E8}.Release|Any CPU.ActiveCfg = Release|Any CPU
		{5D14F804-600B-4CFF-8900-53F66D7821E8}.Release|Any CPU.Build.0 = Release|Any CPU
		{3A85C8CF-D5EF-4130-8CC0-8AAB07983707}.Debug|Any CPU.ActiveCfg = Debug|Any CPU
		{3A85C8CF-D5EF-4130-8CC0-8AAB07983707}.Debug|Any CPU.Build.0 = Debug|Any CPU
		{3A85C8CF-D5EF-4130-8CC0-8AAB07983707}.Release|Any CPU.ActiveCfg = Release|Any CPU
		{3A85C8CF-D5EF-4130-8CC0-8AAB07983707}.Release|Any CPU.Build.0 = Release|Any CPU
		{7F50B989-B580-41B9-B29F-10467DE925F8}.Debug|Any CPU.ActiveCfg = Debug|Any CPU
		{7F50B989-B580-41B9-B29F-10467DE925F8}.Debug|Any CPU.Build.0 = Debug|Any CPU
		{7F50B989-B580-41B9-B29F-10467DE925F8}.Release|Any CPU.ActiveCfg = Release|Any CPU
		{7F50B989-B580-41B9-B29F-10467DE925F8}.Release|Any CPU.Build.0 = Release|Any CPU
		{B531B818-820C-4013-9B88-E8AA87ED25FB}.Debug|Any CPU.ActiveCfg = Debug|Any CPU
		{B531B818-820C-4013-9B88-E8AA87ED25FB}.Debug|Any CPU.Build.0 = Debug|Any CPU
		{B531B818-820C-4013-9B88-E8AA87ED25FB}.Release|Any CPU.ActiveCfg = Release|Any CPU
		{B531B818-820C-4013-9B88-E8AA87ED25FB}.Release|Any CPU.Build.0 = Release|Any CPU
		{DD205971-F1AB-4D9C-A83F-17BC70F4529E}.Debug|Any CPU.ActiveCfg = Debug|Any CPU
		{DD205971-F1AB-4D9C-A83F-17BC70F4529E}.Debug|Any CPU.Build.0 = Debug|Any CPU
		{DD205971-F1AB-4D9C-A83F-17BC70F4529E}.Release|Any CPU.ActiveCfg = Release|Any CPU
		{DD205971-F1AB-4D9C-A83F-17BC70F4529E}.Release|Any CPU.Build.0 = Release|Any CPU
		{FCC4E51B-F3D2-402F-A530-7C8FD6693952}.Debug|Any CPU.ActiveCfg = Debug|Any CPU
		{FCC4E51B-F3D2-402F-A530-7C8FD6693952}.Debug|Any CPU.Build.0 = Debug|Any CPU
		{FCC4E51B-F3D2-402F-A530-7C8FD6693952}.Release|Any CPU.ActiveCfg = Release|Any CPU
		{FCC4E51B-F3D2-402F-A530-7C8FD6693952}.Release|Any CPU.Build.0 = Release|Any CPU
		{F1841D46-F428-4A54-BA74-6BD2D38812D9}.Debug|Any CPU.ActiveCfg = Debug|Any CPU
		{F1841D46-F428-4A54-BA74-6BD2D38812D9}.Debug|Any CPU.Build.0 = Debug|Any CPU
		{F1841D46-F428-4A54-BA74-6BD2D38812D9}.Release|Any CPU.ActiveCfg = Release|Any CPU
		{F1841D46-F428-4A54-BA74-6BD2D38812D9}.Release|Any CPU.Build.0 = Release|Any CPU
	EndGlobalSection
EndGlobal
